// !$*UTF8*$!
{
	archiveVersion = 1;
	classes = {
	};
	objectVersion = 50;
	objects = {

/* Begin PBXBuildFile section */
		846AAA9024034CF2006E1B18 /* Day10.txt in Resources */ = {isa = PBXBuildFile; fileRef = 846AAA8F24034CF2006E1B18 /* Day10.txt */; };
		846AAA9124034D1D006E1B18 /* Day10.txt in CopyFiles */ = {isa = PBXBuildFile; fileRef = 846AAA8F24034CF2006E1B18 /* Day10.txt */; };
		846AAA93240DB375006E1B18 /* Day11.swift in Sources */ = {isa = PBXBuildFile; fileRef = 846AAA92240DB375006E1B18 /* Day11.swift */; };
		846AAA94240DB375006E1B18 /* Day11.swift in Sources */ = {isa = PBXBuildFile; fileRef = 846AAA92240DB375006E1B18 /* Day11.swift */; };
		846AAA96240DB385006E1B18 /* Day11Tests.swift in Sources */ = {isa = PBXBuildFile; fileRef = 846AAA95240DB385006E1B18 /* Day11Tests.swift */; };
		846AAA98240DB3F2006E1B18 /* Day11.txt in Resources */ = {isa = PBXBuildFile; fileRef = 846AAA97240DB3F2006E1B18 /* Day11.txt */; };
		846AAA99240DB408006E1B18 /* Day11.txt in CopyFiles */ = {isa = PBXBuildFile; fileRef = 846AAA97240DB3F2006E1B18 /* Day11.txt */; };
		846AAA9D240DBAC4006E1B18 /* Geometry.swift in Sources */ = {isa = PBXBuildFile; fileRef = 846AAA9C240DBAC4006E1B18 /* Geometry.swift */; };
		846AAA9E240DBAC4006E1B18 /* Geometry.swift in Sources */ = {isa = PBXBuildFile; fileRef = 846AAA9C240DBAC4006E1B18 /* Geometry.swift */; };
		846AAAA0240DC019006E1B18 /* Color.swift in Sources */ = {isa = PBXBuildFile; fileRef = 846AAA9F240DC019006E1B18 /* Color.swift */; };
		846AAAA1240DC019006E1B18 /* Color.swift in Sources */ = {isa = PBXBuildFile; fileRef = 846AAA9F240DC019006E1B18 /* Color.swift */; };
		846E980723E208A000FB2797 /* Day8Tests.swift in Sources */ = {isa = PBXBuildFile; fileRef = 846E980623E208A000FB2797 /* Day8Tests.swift */; };
		846E980923E208B600FB2797 /* Day8.swift in Sources */ = {isa = PBXBuildFile; fileRef = 846E980823E208B600FB2797 /* Day8.swift */; };
		846E980A23E208BC00FB2797 /* Day8.swift in Sources */ = {isa = PBXBuildFile; fileRef = 846E980823E208B600FB2797 /* Day8.swift */; };
		846E980C23E2090100FB2797 /* Day8.txt in Resources */ = {isa = PBXBuildFile; fileRef = 846E980B23E2090100FB2797 /* Day8.txt */; };
		846E980D23E2091800FB2797 /* Day8.txt in CopyFiles */ = {isa = PBXBuildFile; fileRef = 846E980B23E2090100FB2797 /* Day8.txt */; };
		84919DAC239A8D2700877CEE /* main.swift in Sources */ = {isa = PBXBuildFile; fileRef = 84919DAB239A8D2700877CEE /* main.swift */; };
		84919DBF239A8D9000877CEE /* Day1.swift in Sources */ = {isa = PBXBuildFile; fileRef = 84919DBE239A8D9000877CEE /* Day1.swift */; };
		84919DC0239A8D9000877CEE /* Day1.swift in Sources */ = {isa = PBXBuildFile; fileRef = 84919DBE239A8D9000877CEE /* Day1.swift */; };
		84919DC2239A8DA200877CEE /* Day1Tests.swift in Sources */ = {isa = PBXBuildFile; fileRef = 84919DC1239A8DA200877CEE /* Day1Tests.swift */; };
		84919DC8239A95B800877CEE /* Day1.txt in CopyFiles */ = {isa = PBXBuildFile; fileRef = 84919DC5239A91A200877CEE /* Day1.txt */; };
		84A1CC8723E583A60031F550 /* Day9Tests.swift in Sources */ = {isa = PBXBuildFile; fileRef = 84A1CC8623E583A60031F550 /* Day9Tests.swift */; };
		84A1CC8923E583B10031F550 /* Day9.swift in Sources */ = {isa = PBXBuildFile; fileRef = 84A1CC8823E583B10031F550 /* Day9.swift */; };
		84A1CC8A23E583B30031F550 /* Day9.swift in Sources */ = {isa = PBXBuildFile; fileRef = 84A1CC8823E583B10031F550 /* Day9.swift */; };
		84A1CC8C23E583F50031F550 /* Day9.txt in Resources */ = {isa = PBXBuildFile; fileRef = 84A1CC8B23E583F50031F550 /* Day9.txt */; };
		84A1CC8D23E583FF0031F550 /* Day9.txt in CopyFiles */ = {isa = PBXBuildFile; fileRef = 84A1CC8B23E583F50031F550 /* Day9.txt */; };
		84A1CC8E23E5841C0031F550 /* Day1.txt in Resources */ = {isa = PBXBuildFile; fileRef = 84919DC5239A91A200877CEE /* Day1.txt */; };
		84A1CC8F23E5841C0031F550 /* Day3.txt in Resources */ = {isa = PBXBuildFile; fileRef = 84AB857D239BF35F0036871B /* Day3.txt */; };
		84A1CC9023E5841C0031F550 /* Day5.txt in Resources */ = {isa = PBXBuildFile; fileRef = 84AB858D239DAE850036871B /* Day5.txt */; };
		84A1CC9323E584630031F550 /* IntcodeComputer.swift in Sources */ = {isa = PBXBuildFile; fileRef = 84A1CC9223E584630031F550 /* IntcodeComputer.swift */; };
		84A1CC9423E584630031F550 /* IntcodeComputer.swift in Sources */ = {isa = PBXBuildFile; fileRef = 84A1CC9223E584630031F550 /* IntcodeComputer.swift */; };
		84A1CC9C23E5D04D0031F550 /* Opcode.swift in Sources */ = {isa = PBXBuildFile; fileRef = 84A1CC9B23E5D04D0031F550 /* Opcode.swift */; };
		84A1CC9D23E5D04D0031F550 /* Opcode.swift in Sources */ = {isa = PBXBuildFile; fileRef = 84A1CC9B23E5D04D0031F550 /* Opcode.swift */; };
		84A1CCA123E5D0BB0031F550 /* OpcodeTests.swift in Sources */ = {isa = PBXBuildFile; fileRef = 84A1CC9F23E5D0BB0031F550 /* OpcodeTests.swift */; };
		84A1CCA42402B9160031F550 /* Day10.swift in Sources */ = {isa = PBXBuildFile; fileRef = 84A1CCA32402B9160031F550 /* Day10.swift */; };
		84A1CCA624033A9C0031F550 /* Day10Tests.swift in Sources */ = {isa = PBXBuildFile; fileRef = 84A1CCA524033A9C0031F550 /* Day10Tests.swift */; };
		84A1CCA724033ADA0031F550 /* Day10.swift in Sources */ = {isa = PBXBuildFile; fileRef = 84A1CCA32402B9160031F550 /* Day10.swift */; };
		84AB8576239AACE40036871B /* Day2.swift in Sources */ = {isa = PBXBuildFile; fileRef = 84AB8575239AACE40036871B /* Day2.swift */; };
		84AB8578239AB3730036871B /* Day2Tests.swift in Sources */ = {isa = PBXBuildFile; fileRef = 84AB8577239AB3730036871B /* Day2Tests.swift */; };
		84AB8579239B3EA70036871B /* Day2.swift in Sources */ = {isa = PBXBuildFile; fileRef = 84AB8575239AACE40036871B /* Day2.swift */; };
		84AB857B239BF1380036871B /* Day3.swift in Sources */ = {isa = PBXBuildFile; fileRef = 84AB857A239BF1380036871B /* Day3.swift */; };
		84AB857C239BF1380036871B /* Day3.swift in Sources */ = {isa = PBXBuildFile; fileRef = 84AB857A239BF1380036871B /* Day3.swift */; };
		84AB857F239BF36E0036871B /* Day3.txt in CopyFiles */ = {isa = PBXBuildFile; fileRef = 84AB857D239BF35F0036871B /* Day3.txt */; };
		84AB8581239BF3EB0036871B /* Day3Tests.swift in Sources */ = {isa = PBXBuildFile; fileRef = 84AB8580239BF3EB0036871B /* Day3Tests.swift */; };
		84AB8583239C3B570036871B /* Day4.swift in Sources */ = {isa = PBXBuildFile; fileRef = 84AB8582239C3B570036871B /* Day4.swift */; };
		84AB8584239C3B570036871B /* Day4.swift in Sources */ = {isa = PBXBuildFile; fileRef = 84AB8582239C3B570036871B /* Day4.swift */; };
		84AB8587239C3B640036871B /* Day4Tests.swift in Sources */ = {isa = PBXBuildFile; fileRef = 84AB8585239C3B640036871B /* Day4Tests.swift */; };
		84AB8589239D64AD0036871B /* Day5.swift in Sources */ = {isa = PBXBuildFile; fileRef = 84AB8588239D64AD0036871B /* Day5.swift */; };
		84AB858A239D64AD0036871B /* Day5.swift in Sources */ = {isa = PBXBuildFile; fileRef = 84AB8588239D64AD0036871B /* Day5.swift */; };
		84AB858C239D652F0036871B /* Day5Tests.swift in Sources */ = {isa = PBXBuildFile; fileRef = 84AB858B239D652F0036871B /* Day5Tests.swift */; };
		84AB858F239DAEA60036871B /* Day5.txt in CopyFiles */ = {isa = PBXBuildFile; fileRef = 84AB858D239DAE850036871B /* Day5.txt */; };
		84AB8591239EEAE00036871B /* Day6.swift in Sources */ = {isa = PBXBuildFile; fileRef = 84AB8590239EEAE00036871B /* Day6.swift */; };
		84AB8592239EEAE00036871B /* Day6.swift in Sources */ = {isa = PBXBuildFile; fileRef = 84AB8590239EEAE00036871B /* Day6.swift */; };
		84AB8594239EEEA60036871B /* Day6Tests.swift in Sources */ = {isa = PBXBuildFile; fileRef = 84AB8593239EEEA60036871B /* Day6Tests.swift */; };
		84C61E6C23CB3575008966A1 /* Day6.txt in Resources */ = {isa = PBXBuildFile; fileRef = 84C61E6B23CB3575008966A1 /* Day6.txt */; };
		84C61E6D23CB3748008966A1 /* Day6.txt in CopyFiles */ = {isa = PBXBuildFile; fileRef = 84C61E6B23CB3575008966A1 /* Day6.txt */; };
		84C61E6F23CFBB7E008966A1 /* Day7.swift in Sources */ = {isa = PBXBuildFile; fileRef = 84C61E6E23CFBB7E008966A1 /* Day7.swift */; };
		84C61E7123CFC29E008966A1 /* Day7Tests.swift in Sources */ = {isa = PBXBuildFile; fileRef = 84C61E7023CFC29E008966A1 /* Day7Tests.swift */; };
		84C61E7223CFC3A2008966A1 /* Day7.swift in Sources */ = {isa = PBXBuildFile; fileRef = 84C61E6E23CFBB7E008966A1 /* Day7.swift */; };
		84C61E7423D10AB4008966A1 /* Day7.txt in Resources */ = {isa = PBXBuildFile; fileRef = 84C61E7323D10AB4008966A1 /* Day7.txt */; };
		84C61E7523D10ABE008966A1 /* Day7.txt in CopyFiles */ = {isa = PBXBuildFile; fileRef = 84C61E7323D10AB4008966A1 /* Day7.txt */; };
/* End PBXBuildFile section */

/* Begin PBXCopyFilesBuildPhase section */
		84919DA6239A8D2700877CEE /* CopyFiles */ = {
			isa = PBXCopyFilesBuildPhase;
			buildActionMask = 12;
			dstPath = "";
			dstSubfolderSpec = 16;
			files = (
				846AAA99240DB408006E1B18 /* Day11.txt in CopyFiles */,
				846AAA9124034D1D006E1B18 /* Day10.txt in CopyFiles */,
				84A1CC8D23E583FF0031F550 /* Day9.txt in CopyFiles */,
				846E980D23E2091800FB2797 /* Day8.txt in CopyFiles */,
				84C61E7523D10ABE008966A1 /* Day7.txt in CopyFiles */,
				84C61E6D23CB3748008966A1 /* Day6.txt in CopyFiles */,
				84AB858F239DAEA60036871B /* Day5.txt in CopyFiles */,
				84AB857F239BF36E0036871B /* Day3.txt in CopyFiles */,
				84919DC8239A95B800877CEE /* Day1.txt in CopyFiles */,
			);
			runOnlyForDeploymentPostprocessing = 0;
		};
/* End PBXCopyFilesBuildPhase section */

/* Begin PBXFileReference section */
		846AAA8F24034CF2006E1B18 /* Day10.txt */ = {isa = PBXFileReference; fileEncoding = 4; lastKnownFileType = text; path = Day10.txt; sourceTree = "<group>"; };
		846AAA92240DB375006E1B18 /* Day11.swift */ = {isa = PBXFileReference; lastKnownFileType = sourcecode.swift; path = Day11.swift; sourceTree = "<group>"; };
		846AAA95240DB385006E1B18 /* Day11Tests.swift */ = {isa = PBXFileReference; lastKnownFileType = sourcecode.swift; path = Day11Tests.swift; sourceTree = "<group>"; };
		846AAA97240DB3F2006E1B18 /* Day11.txt */ = {isa = PBXFileReference; lastKnownFileType = text; path = Day11.txt; sourceTree = "<group>"; };
		846AAA9C240DBAC4006E1B18 /* Geometry.swift */ = {isa = PBXFileReference; lastKnownFileType = sourcecode.swift; path = Geometry.swift; sourceTree = "<group>"; };
		846AAA9F240DC019006E1B18 /* Color.swift */ = {isa = PBXFileReference; lastKnownFileType = sourcecode.swift; path = Color.swift; sourceTree = "<group>"; };
		846E980623E208A000FB2797 /* Day8Tests.swift */ = {isa = PBXFileReference; lastKnownFileType = sourcecode.swift; path = Day8Tests.swift; sourceTree = "<group>"; };
		846E980823E208B600FB2797 /* Day8.swift */ = {isa = PBXFileReference; lastKnownFileType = sourcecode.swift; path = Day8.swift; sourceTree = "<group>"; };
		846E980B23E2090100FB2797 /* Day8.txt */ = {isa = PBXFileReference; fileEncoding = 4; lastKnownFileType = text; path = Day8.txt; sourceTree = "<group>"; };
		84919DA8239A8D2700877CEE /* AdventOfCode */ = {isa = PBXFileReference; explicitFileType = "compiled.mach-o.executable"; includeInIndex = 0; path = AdventOfCode; sourceTree = BUILT_PRODUCTS_DIR; };
		84919DAB239A8D2700877CEE /* main.swift */ = {isa = PBXFileReference; lastKnownFileType = sourcecode.swift; path = main.swift; sourceTree = "<group>"; };
		84919DB6239A8D6400877CEE /* AdventOfCodeTests.xctest */ = {isa = PBXFileReference; explicitFileType = wrapper.cfbundle; includeInIndex = 0; path = AdventOfCodeTests.xctest; sourceTree = BUILT_PRODUCTS_DIR; };
		84919DBA239A8D6400877CEE /* Info.plist */ = {isa = PBXFileReference; lastKnownFileType = text.plist.xml; path = Info.plist; sourceTree = "<group>"; };
		84919DBE239A8D9000877CEE /* Day1.swift */ = {isa = PBXFileReference; lastKnownFileType = sourcecode.swift; path = Day1.swift; sourceTree = "<group>"; };
		84919DC1239A8DA200877CEE /* Day1Tests.swift */ = {isa = PBXFileReference; lastKnownFileType = sourcecode.swift; path = Day1Tests.swift; sourceTree = "<group>"; };
		84919DC5239A91A200877CEE /* Day1.txt */ = {isa = PBXFileReference; fileEncoding = 4; lastKnownFileType = text; path = Day1.txt; sourceTree = "<group>"; };
		84A1CC8623E583A60031F550 /* Day9Tests.swift */ = {isa = PBXFileReference; lastKnownFileType = sourcecode.swift; path = Day9Tests.swift; sourceTree = "<group>"; };
		84A1CC8823E583B10031F550 /* Day9.swift */ = {isa = PBXFileReference; lastKnownFileType = sourcecode.swift; path = Day9.swift; sourceTree = "<group>"; };
		84A1CC8B23E583F50031F550 /* Day9.txt */ = {isa = PBXFileReference; fileEncoding = 4; lastKnownFileType = text; path = Day9.txt; sourceTree = "<group>"; };
		84A1CC9223E584630031F550 /* IntcodeComputer.swift */ = {isa = PBXFileReference; lastKnownFileType = sourcecode.swift; path = IntcodeComputer.swift; sourceTree = "<group>"; };
		84A1CC9B23E5D04D0031F550 /* Opcode.swift */ = {isa = PBXFileReference; lastKnownFileType = sourcecode.swift; path = Opcode.swift; sourceTree = "<group>"; };
		84A1CC9F23E5D0BB0031F550 /* OpcodeTests.swift */ = {isa = PBXFileReference; lastKnownFileType = sourcecode.swift; path = OpcodeTests.swift; sourceTree = "<group>"; };
		84A1CCA32402B9160031F550 /* Day10.swift */ = {isa = PBXFileReference; lastKnownFileType = sourcecode.swift; path = Day10.swift; sourceTree = "<group>"; };
		84A1CCA524033A9C0031F550 /* Day10Tests.swift */ = {isa = PBXFileReference; lastKnownFileType = sourcecode.swift; path = Day10Tests.swift; sourceTree = "<group>"; };
		84AB8575239AACE40036871B /* Day2.swift */ = {isa = PBXFileReference; lastKnownFileType = sourcecode.swift; path = Day2.swift; sourceTree = "<group>"; };
		84AB8577239AB3730036871B /* Day2Tests.swift */ = {isa = PBXFileReference; lastKnownFileType = sourcecode.swift; path = Day2Tests.swift; sourceTree = "<group>"; };
		84AB857A239BF1380036871B /* Day3.swift */ = {isa = PBXFileReference; lastKnownFileType = sourcecode.swift; path = Day3.swift; sourceTree = "<group>"; };
		84AB857D239BF35F0036871B /* Day3.txt */ = {isa = PBXFileReference; fileEncoding = 4; lastKnownFileType = text; path = Day3.txt; sourceTree = "<group>"; };
		84AB8580239BF3EB0036871B /* Day3Tests.swift */ = {isa = PBXFileReference; lastKnownFileType = sourcecode.swift; path = Day3Tests.swift; sourceTree = "<group>"; };
		84AB8582239C3B570036871B /* Day4.swift */ = {isa = PBXFileReference; lastKnownFileType = sourcecode.swift; path = Day4.swift; sourceTree = "<group>"; };
		84AB8585239C3B640036871B /* Day4Tests.swift */ = {isa = PBXFileReference; lastKnownFileType = sourcecode.swift; path = Day4Tests.swift; sourceTree = "<group>"; };
		84AB8588239D64AD0036871B /* Day5.swift */ = {isa = PBXFileReference; lastKnownFileType = sourcecode.swift; path = Day5.swift; sourceTree = "<group>"; };
		84AB858B239D652F0036871B /* Day5Tests.swift */ = {isa = PBXFileReference; lastKnownFileType = sourcecode.swift; path = Day5Tests.swift; sourceTree = "<group>"; };
		84AB858D239DAE850036871B /* Day5.txt */ = {isa = PBXFileReference; lastKnownFileType = text; path = Day5.txt; sourceTree = "<group>"; };
		84AB8590239EEAE00036871B /* Day6.swift */ = {isa = PBXFileReference; lastKnownFileType = sourcecode.swift; path = Day6.swift; sourceTree = "<group>"; };
		84AB8593239EEEA60036871B /* Day6Tests.swift */ = {isa = PBXFileReference; lastKnownFileType = sourcecode.swift; path = Day6Tests.swift; sourceTree = "<group>"; };
		84C61E6B23CB3575008966A1 /* Day6.txt */ = {isa = PBXFileReference; fileEncoding = 4; lastKnownFileType = text; path = Day6.txt; sourceTree = "<group>"; };
		84C61E6E23CFBB7E008966A1 /* Day7.swift */ = {isa = PBXFileReference; lastKnownFileType = sourcecode.swift; path = Day7.swift; sourceTree = "<group>"; };
		84C61E7023CFC29E008966A1 /* Day7Tests.swift */ = {isa = PBXFileReference; lastKnownFileType = sourcecode.swift; path = Day7Tests.swift; sourceTree = "<group>"; };
		84C61E7323D10AB4008966A1 /* Day7.txt */ = {isa = PBXFileReference; fileEncoding = 4; lastKnownFileType = text; path = Day7.txt; sourceTree = "<group>"; };
		84E1A5B723DE42EE00116947 /* AllTests.xctestplan */ = {isa = PBXFileReference; lastKnownFileType = text; path = AllTests.xctestplan; sourceTree = "<group>"; };
		84E1A5B823DE433F00116947 /* FastTests.xctestplan */ = {isa = PBXFileReference; lastKnownFileType = text; path = FastTests.xctestplan; sourceTree = "<group>"; };
/* End PBXFileReference section */

/* Begin PBXFrameworksBuildPhase section */
		84919DA5239A8D2700877CEE /* Frameworks */ = {
			isa = PBXFrameworksBuildPhase;
			buildActionMask = 2147483647;
			files = (
			);
			runOnlyForDeploymentPostprocessing = 0;
		};
		84919DB3239A8D6400877CEE /* Frameworks */ = {
			isa = PBXFrameworksBuildPhase;
			buildActionMask = 2147483647;
			files = (
			);
			runOnlyForDeploymentPostprocessing = 0;
		};
/* End PBXFrameworksBuildPhase section */

/* Begin PBXGroup section */
		846AAA9B240DBA0F006E1B18 /* Common */ = {
			isa = PBXGroup;
			children = (
				846AAA9C240DBAC4006E1B18 /* Geometry.swift */,
				846AAA9F240DC019006E1B18 /* Color.swift */,
			);
			path = Common;
			sourceTree = "<group>";
		};
		84919D9F239A8D2700877CEE = {
			isa = PBXGroup;
			children = (
				84919DAA239A8D2700877CEE /* AdventOfCode */,
				84919DB7239A8D6400877CEE /* AdventOfCodeTests */,
				84919DA9239A8D2700877CEE /* Products */,
			);
			sourceTree = "<group>";
		};
		84919DA9239A8D2700877CEE /* Products */ = {
			isa = PBXGroup;
			children = (
				84919DA8239A8D2700877CEE /* AdventOfCode */,
				84919DB6239A8D6400877CEE /* AdventOfCodeTests.xctest */,
			);
			name = Products;
			sourceTree = "<group>";
		};
		84919DAA239A8D2700877CEE /* AdventOfCode */ = {
			isa = PBXGroup;
			children = (
				84919DC4239A917700877CEE /* Resources */,
				846AAA9B240DBA0F006E1B18 /* Common */,
				84A1CC9123E584440031F550 /* IntcodeComputer */,
				84919DAB239A8D2700877CEE /* main.swift */,
				84919DBE239A8D9000877CEE /* Day1.swift */,
				84AB8575239AACE40036871B /* Day2.swift */,
				84AB857A239BF1380036871B /* Day3.swift */,
				84AB8582239C3B570036871B /* Day4.swift */,
				84AB8588239D64AD0036871B /* Day5.swift */,
				84AB8590239EEAE00036871B /* Day6.swift */,
				84C61E6E23CFBB7E008966A1 /* Day7.swift */,
				846E980823E208B600FB2797 /* Day8.swift */,
				84A1CC8823E583B10031F550 /* Day9.swift */,
				84A1CCA32402B9160031F550 /* Day10.swift */,
				846AAA92240DB375006E1B18 /* Day11.swift */,
			);
			path = AdventOfCode;
			sourceTree = "<group>";
		};
		84919DB7239A8D6400877CEE /* AdventOfCodeTests */ = {
			isa = PBXGroup;
			children = (
				84E1A5B723DE42EE00116947 /* AllTests.xctestplan */,
				84E1A5B823DE433F00116947 /* FastTests.xctestplan */,
				84919DC3239A8DAB00877CEE /* other */,
				84A1CC9E23E5D0A70031F550 /* IntcodeComputer */,
				84919DC1239A8DA200877CEE /* Day1Tests.swift */,
				84AB8577239AB3730036871B /* Day2Tests.swift */,
				84AB8580239BF3EB0036871B /* Day3Tests.swift */,
				84AB8585239C3B640036871B /* Day4Tests.swift */,
				84AB858B239D652F0036871B /* Day5Tests.swift */,
				84AB8593239EEEA60036871B /* Day6Tests.swift */,
				84C61E7023CFC29E008966A1 /* Day7Tests.swift */,
				846E980623E208A000FB2797 /* Day8Tests.swift */,
				84A1CC8623E583A60031F550 /* Day9Tests.swift */,
				84A1CCA524033A9C0031F550 /* Day10Tests.swift */,
				846AAA95240DB385006E1B18 /* Day11Tests.swift */,
			);
			path = AdventOfCodeTests;
			sourceTree = "<group>";
		};
		84919DC3239A8DAB00877CEE /* other */ = {
			isa = PBXGroup;
			children = (
				84919DBA239A8D6400877CEE /* Info.plist */,
			);
			path = other;
			sourceTree = "<group>";
		};
		84919DC4239A917700877CEE /* Resources */ = {
			isa = PBXGroup;
			children = (
				84919DC5239A91A200877CEE /* Day1.txt */,
				84AB857D239BF35F0036871B /* Day3.txt */,
				84AB858D239DAE850036871B /* Day5.txt */,
				84C61E6B23CB3575008966A1 /* Day6.txt */,
				84C61E7323D10AB4008966A1 /* Day7.txt */,
				846E980B23E2090100FB2797 /* Day8.txt */,
				84A1CC8B23E583F50031F550 /* Day9.txt */,
				846AAA8F24034CF2006E1B18 /* Day10.txt */,
				846AAA97240DB3F2006E1B18 /* Day11.txt */,
			);
			path = Resources;
			sourceTree = "<group>";
		};
		84A1CC9123E584440031F550 /* IntcodeComputer */ = {
			isa = PBXGroup;
			children = (
				84A1CC9223E584630031F550 /* IntcodeComputer.swift */,
				84A1CC9B23E5D04D0031F550 /* Opcode.swift */,
			);
			path = IntcodeComputer;
			sourceTree = "<group>";
		};
		84A1CC9E23E5D0A70031F550 /* IntcodeComputer */ = {
			isa = PBXGroup;
			children = (
				84A1CC9F23E5D0BB0031F550 /* OpcodeTests.swift */,
			);
			path = IntcodeComputer;
			sourceTree = "<group>";
		};
/* End PBXGroup section */

/* Begin PBXNativeTarget section */
		84919DA7239A8D2700877CEE /* AdventOfCode */ = {
			isa = PBXNativeTarget;
			buildConfigurationList = 84919DAF239A8D2700877CEE /* Build configuration list for PBXNativeTarget "AdventOfCode" */;
			buildPhases = (
				84919DA4239A8D2700877CEE /* Sources */,
				84919DA5239A8D2700877CEE /* Frameworks */,
				84919DA6239A8D2700877CEE /* CopyFiles */,
				84A1CCA224027E030031F550 /* ShellScript */,
			);
			buildRules = (
			);
			dependencies = (
			);
			name = AdventOfCode;
			productName = AdventOfCode;
			productReference = 84919DA8239A8D2700877CEE /* AdventOfCode */;
			productType = "com.apple.product-type.tool";
		};
		84919DB5239A8D6400877CEE /* AdventOfCodeTests */ = {
			isa = PBXNativeTarget;
			buildConfigurationList = 84919DBB239A8D6400877CEE /* Build configuration list for PBXNativeTarget "AdventOfCodeTests" */;
			buildPhases = (
				84919DB2239A8D6400877CEE /* Sources */,
				84919DB3239A8D6400877CEE /* Frameworks */,
				84919DB4239A8D6400877CEE /* Resources */,
			);
			buildRules = (
			);
			dependencies = (
			);
			name = AdventOfCodeTests;
			productName = AdventOfCodeTests;
			productReference = 84919DB6239A8D6400877CEE /* AdventOfCodeTests.xctest */;
			productType = "com.apple.product-type.bundle.unit-test";
		};
/* End PBXNativeTarget section */

/* Begin PBXProject section */
		84919DA0239A8D2700877CEE /* Project object */ = {
			isa = PBXProject;
			attributes = {
				LastSwiftUpdateCheck = 1120;
				LastUpgradeCheck = 1130;
				ORGANIZATIONNAME = "Mikel Elorz";
				TargetAttributes = {
					84919DA7239A8D2700877CEE = {
						CreatedOnToolsVersion = 11.2.1;
					};
					84919DB5239A8D6400877CEE = {
						CreatedOnToolsVersion = 11.2.1;
					};
				};
			};
			buildConfigurationList = 84919DA3239A8D2700877CEE /* Build configuration list for PBXProject "AdventOfCode" */;
			compatibilityVersion = "Xcode 9.3";
			developmentRegion = en;
			hasScannedForEncodings = 0;
			knownRegions = (
				en,
				Base,
			);
			mainGroup = 84919D9F239A8D2700877CEE;
			productRefGroup = 84919DA9239A8D2700877CEE /* Products */;
			projectDirPath = "";
			projectRoot = "";
			targets = (
				84919DA7239A8D2700877CEE /* AdventOfCode */,
				84919DB5239A8D6400877CEE /* AdventOfCodeTests */,
			);
		};
/* End PBXProject section */

/* Begin PBXResourcesBuildPhase section */
		84919DB4239A8D6400877CEE /* Resources */ = {
			isa = PBXResourcesBuildPhase;
			buildActionMask = 2147483647;
			files = (
				84A1CC8E23E5841C0031F550 /* Day1.txt in Resources */,
				84A1CC8F23E5841C0031F550 /* Day3.txt in Resources */,
				84A1CC9023E5841C0031F550 /* Day5.txt in Resources */,
				84C61E6C23CB3575008966A1 /* Day6.txt in Resources */,
				84A1CC8C23E583F50031F550 /* Day9.txt in Resources */,
				846AAA98240DB3F2006E1B18 /* Day11.txt in Resources */,
				84C61E7423D10AB4008966A1 /* Day7.txt in Resources */,
				846AAA9024034CF2006E1B18 /* Day10.txt in Resources */,
				846E980C23E2090100FB2797 /* Day8.txt in Resources */,
			);
			runOnlyForDeploymentPostprocessing = 0;
		};
/* End PBXResourcesBuildPhase section */

/* Begin PBXShellScriptBuildPhase section */
		84A1CCA224027E030031F550 /* ShellScript */ = {
			isa = PBXShellScriptBuildPhase;
			buildActionMask = 2147483647;
			files = (
			);
			inputFileListPaths = (
			);
			inputPaths = (
			);
			outputFileListPaths = (
			);
			outputPaths = (
			);
			runOnlyForDeploymentPostprocessing = 0;
			shellPath = /bin/sh;
			shellScript = "if which swiftlint >/dev/null; then\n  swiftlint autocorrect\n  swiftlint\nelse\n  echo \"warning: SwiftLint not installed, download from https://github.com/realm/SwiftLint\"\nfi\n";
		};
/* End PBXShellScriptBuildPhase section */

/* Begin PBXSourcesBuildPhase section */
		84919DA4239A8D2700877CEE /* Sources */ = {
			isa = PBXSourcesBuildPhase;
			buildActionMask = 2147483647;
			files = (
				84A1CC9323E584630031F550 /* IntcodeComputer.swift in Sources */,
				84919DBF239A8D9000877CEE /* Day1.swift in Sources */,
				84A1CCA42402B9160031F550 /* Day10.swift in Sources */,
				84AB8583239C3B570036871B /* Day4.swift in Sources */,
				846AAA9D240DBAC4006E1B18 /* Geometry.swift in Sources */,
				846AAAA0240DC019006E1B18 /* Color.swift in Sources */,
				84C61E6F23CFBB7E008966A1 /* Day7.swift in Sources */,
				84AB8576239AACE40036871B /* Day2.swift in Sources */,
				846AAA93240DB375006E1B18 /* Day11.swift in Sources */,
				84AB857B239BF1380036871B /* Day3.swift in Sources */,
				84AB8589239D64AD0036871B /* Day5.swift in Sources */,
				84A1CC8923E583B10031F550 /* Day9.swift in Sources */,
				84AB8591239EEAE00036871B /* Day6.swift in Sources */,
				84A1CC9C23E5D04D0031F550 /* Opcode.swift in Sources */,
				846E980923E208B600FB2797 /* Day8.swift in Sources */,
				84919DAC239A8D2700877CEE /* main.swift in Sources */,
			);
			runOnlyForDeploymentPostprocessing = 0;
		};
		84919DB2239A8D6400877CEE /* Sources */ = {
			isa = PBXSourcesBuildPhase;
			buildActionMask = 2147483647;
			files = (
				84919DC0239A8D9000877CEE /* Day1.swift in Sources */,
				84A1CCA624033A9C0031F550 /* Day10Tests.swift in Sources */,
				84AB857C239BF1380036871B /* Day3.swift in Sources */,
				84A1CC9423E584630031F550 /* IntcodeComputer.swift in Sources */,
				84C61E7223CFC3A2008966A1 /* Day7.swift in Sources */,
				84AB8581239BF3EB0036871B /* Day3Tests.swift in Sources */,
				84A1CC9D23E5D04D0031F550 /* Opcode.swift in Sources */,
				84AB8592239EEAE00036871B /* Day6.swift in Sources */,
				84AB8579239B3EA70036871B /* Day2.swift in Sources */,
				84A1CC8723E583A60031F550 /* Day9Tests.swift in Sources */,
				84C61E7123CFC29E008966A1 /* Day7Tests.swift in Sources */,
				84AB858C239D652F0036871B /* Day5Tests.swift in Sources */,
				84AB8584239C3B570036871B /* Day4.swift in Sources */,
				846E980723E208A000FB2797 /* Day8Tests.swift in Sources */,
				846AAA94240DB375006E1B18 /* Day11.swift in Sources */,
				84919DC2239A8DA200877CEE /* Day1Tests.swift in Sources */,
				846E980A23E208BC00FB2797 /* Day8.swift in Sources */,
				846AAAA1240DC019006E1B18 /* Color.swift in Sources */,
				846AAA9E240DBAC4006E1B18 /* Geometry.swift in Sources */,
				84A1CCA724033ADA0031F550 /* Day10.swift in Sources */,
				84A1CCA123E5D0BB0031F550 /* OpcodeTests.swift in Sources */,
				84AB8578239AB3730036871B /* Day2Tests.swift in Sources */,
				84AB8594239EEEA60036871B /* Day6Tests.swift in Sources */,
				84AB858A239D64AD0036871B /* Day5.swift in Sources */,
				846AAA96240DB385006E1B18 /* Day11Tests.swift in Sources */,
				84A1CC8A23E583B30031F550 /* Day9.swift in Sources */,
				84AB8587239C3B640036871B /* Day4Tests.swift in Sources */,
			);
			runOnlyForDeploymentPostprocessing = 0;
		};
/* End PBXSourcesBuildPhase section */

/* Begin XCBuildConfiguration section */
		84919DAD239A8D2700877CEE /* Debug */ = {
			isa = XCBuildConfiguration;
			buildSettings = {
				ALWAYS_SEARCH_USER_PATHS = NO;
				CLANG_ANALYZER_NONNULL = YES;
				CLANG_ANALYZER_NUMBER_OBJECT_CONVERSION = YES_AGGRESSIVE;
				CLANG_CXX_LANGUAGE_STANDARD = "gnu++14";
				CLANG_CXX_LIBRARY = "libc++";
				CLANG_ENABLE_MODULES = YES;
				CLANG_ENABLE_OBJC_ARC = YES;
				CLANG_ENABLE_OBJC_WEAK = YES;
				CLANG_WARN_BLOCK_CAPTURE_AUTORELEASING = YES;
				CLANG_WARN_BOOL_CONVERSION = YES;
				CLANG_WARN_COMMA = YES;
				CLANG_WARN_CONSTANT_CONVERSION = YES;
				CLANG_WARN_DEPRECATED_OBJC_IMPLEMENTATIONS = YES;
				CLANG_WARN_DIRECT_OBJC_ISA_USAGE = YES_ERROR;
				CLANG_WARN_DOCUMENTATION_COMMENTS = YES;
				CLANG_WARN_EMPTY_BODY = YES;
				CLANG_WARN_ENUM_CONVERSION = YES;
				CLANG_WARN_INFINITE_RECURSION = YES;
				CLANG_WARN_INT_CONVERSION = YES;
				CLANG_WARN_NON_LITERAL_NULL_CONVERSION = YES;
				CLANG_WARN_OBJC_IMPLICIT_RETAIN_SELF = YES;
				CLANG_WARN_OBJC_LITERAL_CONVERSION = YES;
				CLANG_WARN_OBJC_ROOT_CLASS = YES_ERROR;
				CLANG_WARN_RANGE_LOOP_ANALYSIS = YES;
				CLANG_WARN_STRICT_PROTOTYPES = YES;
				CLANG_WARN_SUSPICIOUS_MOVE = YES;
				CLANG_WARN_UNGUARDED_AVAILABILITY = YES_AGGRESSIVE;
				CLANG_WARN_UNREACHABLE_CODE = YES;
				CLANG_WARN__DUPLICATE_METHOD_MATCH = YES;
				COPY_PHASE_STRIP = NO;
				DEBUG_INFORMATION_FORMAT = dwarf;
				ENABLE_STRICT_OBJC_MSGSEND = YES;
				ENABLE_TESTABILITY = YES;
				GCC_C_LANGUAGE_STANDARD = gnu11;
				GCC_DYNAMIC_NO_PIC = NO;
				GCC_NO_COMMON_BLOCKS = YES;
				GCC_OPTIMIZATION_LEVEL = 0;
				GCC_PREPROCESSOR_DEFINITIONS = (
					"DEBUG=1",
					"$(inherited)",
				);
				GCC_WARN_64_TO_32_BIT_CONVERSION = YES;
				GCC_WARN_ABOUT_RETURN_TYPE = YES_ERROR;
				GCC_WARN_UNDECLARED_SELECTOR = YES;
				GCC_WARN_UNINITIALIZED_AUTOS = YES_AGGRESSIVE;
				GCC_WARN_UNUSED_FUNCTION = YES;
				GCC_WARN_UNUSED_VARIABLE = YES;
				MACOSX_DEPLOYMENT_TARGET = 10.15;
				MTL_ENABLE_DEBUG_INFO = INCLUDE_SOURCE;
				MTL_FAST_MATH = YES;
				ONLY_ACTIVE_ARCH = YES;
				SDKROOT = macosx;
				SWIFT_ACTIVE_COMPILATION_CONDITIONS = DEBUG;
				SWIFT_OPTIMIZATION_LEVEL = "-Onone";
			};
			name = Debug;
		};
		84919DAE239A8D2700877CEE /* Release */ = {
			isa = XCBuildConfiguration;
			buildSettings = {
				ALWAYS_SEARCH_USER_PATHS = NO;
				CLANG_ANALYZER_NONNULL = YES;
				CLANG_ANALYZER_NUMBER_OBJECT_CONVERSION = YES_AGGRESSIVE;
				CLANG_CXX_LANGUAGE_STANDARD = "gnu++14";
				CLANG_CXX_LIBRARY = "libc++";
				CLANG_ENABLE_MODULES = YES;
				CLANG_ENABLE_OBJC_ARC = YES;
				CLANG_ENABLE_OBJC_WEAK = YES;
				CLANG_WARN_BLOCK_CAPTURE_AUTORELEASING = YES;
				CLANG_WARN_BOOL_CONVERSION = YES;
				CLANG_WARN_COMMA = YES;
				CLANG_WARN_CONSTANT_CONVERSION = YES;
				CLANG_WARN_DEPRECATED_OBJC_IMPLEMENTATIONS = YES;
				CLANG_WARN_DIRECT_OBJC_ISA_USAGE = YES_ERROR;
				CLANG_WARN_DOCUMENTATION_COMMENTS = YES;
				CLANG_WARN_EMPTY_BODY = YES;
				CLANG_WARN_ENUM_CONVERSION = YES;
				CLANG_WARN_INFINITE_RECURSION = YES;
				CLANG_WARN_INT_CONVERSION = YES;
				CLANG_WARN_NON_LITERAL_NULL_CONVERSION = YES;
				CLANG_WARN_OBJC_IMPLICIT_RETAIN_SELF = YES;
				CLANG_WARN_OBJC_LITERAL_CONVERSION = YES;
				CLANG_WARN_OBJC_ROOT_CLASS = YES_ERROR;
				CLANG_WARN_RANGE_LOOP_ANALYSIS = YES;
				CLANG_WARN_STRICT_PROTOTYPES = YES;
				CLANG_WARN_SUSPICIOUS_MOVE = YES;
				CLANG_WARN_UNGUARDED_AVAILABILITY = YES_AGGRESSIVE;
				CLANG_WARN_UNREACHABLE_CODE = YES;
				CLANG_WARN__DUPLICATE_METHOD_MATCH = YES;
				COPY_PHASE_STRIP = NO;
				DEBUG_INFORMATION_FORMAT = "dwarf-with-dsym";
				ENABLE_NS_ASSERTIONS = NO;
				ENABLE_STRICT_OBJC_MSGSEND = YES;
				GCC_C_LANGUAGE_STANDARD = gnu11;
				GCC_NO_COMMON_BLOCKS = YES;
				GCC_WARN_64_TO_32_BIT_CONVERSION = YES;
				GCC_WARN_ABOUT_RETURN_TYPE = YES_ERROR;
				GCC_WARN_UNDECLARED_SELECTOR = YES;
				GCC_WARN_UNINITIALIZED_AUTOS = YES_AGGRESSIVE;
				GCC_WARN_UNUSED_FUNCTION = YES;
				GCC_WARN_UNUSED_VARIABLE = YES;
				MACOSX_DEPLOYMENT_TARGET = 10.15;
				MTL_ENABLE_DEBUG_INFO = NO;
				MTL_FAST_MATH = YES;
				SDKROOT = macosx;
				SWIFT_COMPILATION_MODE = wholemodule;
				SWIFT_OPTIMIZATION_LEVEL = "-O";
			};
			name = Release;
		};
		84919DB0239A8D2700877CEE /* Debug */ = {
			isa = XCBuildConfiguration;
			buildSettings = {
				CODE_SIGN_IDENTITY = "-";
				CODE_SIGN_STYLE = Automatic;
				PRODUCT_NAME = "$(TARGET_NAME)";
				SWIFT_VERSION = 5.0;
			};
			name = Debug;
		};
		84919DB1239A8D2700877CEE /* Release */ = {
			isa = XCBuildConfiguration;
			buildSettings = {
				CODE_SIGN_IDENTITY = "-";
				CODE_SIGN_STYLE = Automatic;
				PRODUCT_NAME = "$(TARGET_NAME)";
				SWIFT_VERSION = 5.0;
			};
			name = Release;
		};
		84919DBC239A8D6400877CEE /* Debug */ = {
			isa = XCBuildConfiguration;
			buildSettings = {
				CODE_SIGN_STYLE = Automatic;
				COMBINE_HIDPI_IMAGES = YES;
				INFOPLIST_FILE = AdventOfCodeTests/other/Info.plist;
				LD_RUNPATH_SEARCH_PATHS = (
					"$(inherited)",
					"@executable_path/../Frameworks",
					"@loader_path/../Frameworks",
				);
				PRODUCT_BUNDLE_IDENTIFIER = sh.mikel.AdventOfCodeTests;
				PRODUCT_NAME = "$(TARGET_NAME)";
				SWIFT_VERSION = 5.0;
			};
			name = Debug;
		};
		84919DBD239A8D6400877CEE /* Release */ = {
			isa = XCBuildConfiguration;
			buildSettings = {
				CODE_SIGN_STYLE = Automatic;
				COMBINE_HIDPI_IMAGES = YES;
				INFOPLIST_FILE = AdventOfCodeTests/other/Info.plist;
				LD_RUNPATH_SEARCH_PATHS = (
					"$(inherited)",
					"@executable_path/../Frameworks",
					"@loader_path/../Frameworks",
				);
				PRODUCT_BUNDLE_IDENTIFIER = sh.mikel.AdventOfCodeTests;
				PRODUCT_NAME = "$(TARGET_NAME)";
				SWIFT_VERSION = 5.0;
			};
			name = Release;
		};
/* End XCBuildConfiguration section */

/* Begin XCConfigurationList section */
		84919DA3239A8D2700877CEE /* Build configuration list for PBXProject "AdventOfCode" */ = {
			isa = XCConfigurationList;
			buildConfigurations = (
				84919DAD239A8D2700877CEE /* Debug */,
				84919DAE239A8D2700877CEE /* Release */,
			);
			defaultConfigurationIsVisible = 0;
			defaultConfigurationName = Release;
		};
		84919DAF239A8D2700877CEE /* Build configuration list for PBXNativeTarget "AdventOfCode" */ = {
			isa = XCConfigurationList;
			buildConfigurations = (
				84919DB0239A8D2700877CEE /* Debug */,
				84919DB1239A8D2700877CEE /* Release */,
			);
			defaultConfigurationIsVisible = 0;
			defaultConfigurationName = Release;
		};
		84919DBB239A8D6400877CEE /* Build configuration list for PBXNativeTarget "AdventOfCodeTests" */ = {
			isa = XCConfigurationList;
			buildConfigurations = (
				84919DBC239A8D6400877CEE /* Debug */,
				84919DBD239A8D6400877CEE /* Release */,
			);
			defaultConfigurationIsVisible = 0;
			defaultConfigurationName = Release;
		};
/* End XCConfigurationList section */
	};
	rootObject = 84919DA0239A8D2700877CEE /* Project object */;
}
